// !$*UTF8*$!
{
	archiveVersion = 1;
	classes = {
	};
	objectVersion = 55;
	objects = {

/* Begin PBXBuildFile section */
		975AD0AC286BFAD3009F4F0B /* word_counterApp.swift in Sources */ = {isa = PBXBuildFile; fileRef = 975AD0AB286BFAD3009F4F0B /* word_counterApp.swift */; };
		975AD0AE286BFAD3009F4F0B /* ContentView.swift in Sources */ = {isa = PBXBuildFile; fileRef = 975AD0AD286BFAD3009F4F0B /* ContentView.swift */; };
		975AD0B0286BFAD4009F4F0B /* Assets.xcassets in Resources */ = {isa = PBXBuildFile; fileRef = 975AD0AF286BFAD4009F4F0B /* Assets.xcassets */; };
		975AD0B3286BFAD4009F4F0B /* Preview Assets.xcassets in Resources */ = {isa = PBXBuildFile; fileRef = 975AD0B2286BFAD4009F4F0B /* Preview Assets.xcassets */; };
		975AD0BD286BFAD4009F4F0B /* word_counterTests.swift in Sources */ = {isa = PBXBuildFile; fileRef = 975AD0BC286BFAD4009F4F0B /* word_counterTests.swift */; };
		975AD0C7286BFAD4009F4F0B /* word_counterUITests.swift in Sources */ = {isa = PBXBuildFile; fileRef = 975AD0C6286BFAD4009F4F0B /* word_counterUITests.swift */; };
		975AD0C9286BFAD4009F4F0B /* word_counterUITestsLaunchTests.swift in Sources */ = {isa = PBXBuildFile; fileRef = 975AD0C8286BFAD4009F4F0B /* word_counterUITestsLaunchTests.swift */; };
		975AD0D9286BFE58009F4F0B /* Fetch.swift in Sources */ = {isa = PBXBuildFile; fileRef = 975AD0D8286BFE58009F4F0B /* Fetch.swift */; };
		975AD0DB286C17F5009F4F0B /* WordList.swift in Sources */ = {isa = PBXBuildFile; fileRef = 975AD0DA286C17F5009F4F0B /* WordList.swift */; };
/* End PBXBuildFile section */

/* Begin PBXContainerItemProxy section */
		975AD0B9286BFAD4009F4F0B /* PBXContainerItemProxy */ = {
			isa = PBXContainerItemProxy;
			containerPortal = 975AD0A0286BFAD3009F4F0B /* Project object */;
			proxyType = 1;
			remoteGlobalIDString = 975AD0A7286BFAD3009F4F0B;
			remoteInfo = "word-counter";
		};
		975AD0C3286BFAD4009F4F0B /* PBXContainerItemProxy */ = {
			isa = PBXContainerItemProxy;
			containerPortal = 975AD0A0286BFAD3009F4F0B /* Project object */;
			proxyType = 1;
			remoteGlobalIDString = 975AD0A7286BFAD3009F4F0B;
			remoteInfo = "word-counter";
		};
/* End PBXContainerItemProxy section */

/* Begin PBXFileReference section */
		975AD0A8286BFAD3009F4F0B /* word-counter.app */ = {isa = PBXFileReference; explicitFileType = wrapper.application; includeInIndex = 0; path = "word-counter.app"; sourceTree = BUILT_PRODUCTS_DIR; };
		975AD0AB286BFAD3009F4F0B /* word_counterApp.swift */ = {isa = PBXFileReference; lastKnownFileType = sourcecode.swift; path = word_counterApp.swift; sourceTree = "<group>"; };
		975AD0AD286BFAD3009F4F0B /* ContentView.swift */ = {isa = PBXFileReference; lastKnownFileType = sourcecode.swift; path = ContentView.swift; sourceTree = "<group>"; };
		975AD0AF286BFAD4009F4F0B /* Assets.xcassets */ = {isa = PBXFileReference; lastKnownFileType = folder.assetcatalog; path = Assets.xcassets; sourceTree = "<group>"; };
		975AD0B2286BFAD4009F4F0B /* Preview Assets.xcassets */ = {isa = PBXFileReference; lastKnownFileType = folder.assetcatalog; path = "Preview Assets.xcassets"; sourceTree = "<group>"; };
		975AD0B8286BFAD4009F4F0B /* word-counterTests.xctest */ = {isa = PBXFileReference; explicitFileType = wrapper.cfbundle; includeInIndex = 0; path = "word-counterTests.xctest"; sourceTree = BUILT_PRODUCTS_DIR; };
		975AD0BC286BFAD4009F4F0B /* word_counterTests.swift */ = {isa = PBXFileReference; lastKnownFileType = sourcecode.swift; path = word_counterTests.swift; sourceTree = "<group>"; };
		975AD0C2286BFAD4009F4F0B /* word-counterUITests.xctest */ = {isa = PBXFileReference; explicitFileType = wrapper.cfbundle; includeInIndex = 0; path = "word-counterUITests.xctest"; sourceTree = BUILT_PRODUCTS_DIR; };
		975AD0C6286BFAD4009F4F0B /* word_counterUITests.swift */ = {isa = PBXFileReference; lastKnownFileType = sourcecode.swift; path = word_counterUITests.swift; sourceTree = "<group>"; };
		975AD0C8286BFAD4009F4F0B /* word_counterUITestsLaunchTests.swift */ = {isa = PBXFileReference; lastKnownFileType = sourcecode.swift; path = word_counterUITestsLaunchTests.swift; sourceTree = "<group>"; };
		975AD0D8286BFE58009F4F0B /* Fetch.swift */ = {isa = PBXFileReference; lastKnownFileType = sourcecode.swift; path = Fetch.swift; sourceTree = "<group>"; };
		975AD0DA286C17F5009F4F0B /* WordList.swift */ = {isa = PBXFileReference; lastKnownFileType = sourcecode.swift; path = WordList.swift; sourceTree = "<group>"; };
/* End PBXFileReference section */

/* Begin PBXFrameworksBuildPhase section */
		975AD0A5286BFAD3009F4F0B /* Frameworks */ = {
			isa = PBXFrameworksBuildPhase;
			buildActionMask = 2147483647;
			files = (
			);
			runOnlyForDeploymentPostprocessing = 0;
		};
		975AD0B5286BFAD4009F4F0B /* Frameworks */ = {
			isa = PBXFrameworksBuildPhase;
			buildActionMask = 2147483647;
			files = (
			);
			runOnlyForDeploymentPostprocessing = 0;
		};
		975AD0BF286BFAD4009F4F0B /* Frameworks */ = {
			isa = PBXFrameworksBuildPhase;
			buildActionMask = 2147483647;
			files = (
			);
			runOnlyForDeploymentPostprocessing = 0;
		};
/* End PBXFrameworksBuildPhase section */

/* Begin PBXGroup section */
		975AD09F286BFAD3009F4F0B = {
			isa = PBXGroup;
			children = (
				975AD0AA286BFAD3009F4F0B /* word-counter */,
				975AD0BB286BFAD4009F4F0B /* word-counterTests */,
				975AD0C5286BFAD4009F4F0B /* word-counterUITests */,
				975AD0A9286BFAD3009F4F0B /* Products */,
			);
			sourceTree = "<group>";
		};
		975AD0A9286BFAD3009F4F0B /* Products */ = {
			isa = PBXGroup;
			children = (
				975AD0A8286BFAD3009F4F0B /* word-counter.app */,
				975AD0B8286BFAD4009F4F0B /* word-counterTests.xctest */,
				975AD0C2286BFAD4009F4F0B /* word-counterUITests.xctest */,
			);
			name = Products;
			sourceTree = "<group>";
		};
		975AD0AA286BFAD3009F4F0B /* word-counter */ = {
			isa = PBXGroup;
			children = (
				975AD0D7286BFC3C009F4F0B /* ViewModel */,
				975AD0D6286BFC12009F4F0B /* Model */,
				975AD0D5286BFC0A009F4F0B /* View */,
				975AD0AB286BFAD3009F4F0B /* word_counterApp.swift */,
				975AD0AD286BFAD3009F4F0B /* ContentView.swift */,
				975AD0AF286BFAD4009F4F0B /* Assets.xcassets */,
				975AD0B1286BFAD4009F4F0B /* Preview Content */,
			);
			path = "word-counter";
			sourceTree = "<group>";
		};
		975AD0B1286BFAD4009F4F0B /* Preview Content */ = {
			isa = PBXGroup;
			children = (
				975AD0B2286BFAD4009F4F0B /* Preview Assets.xcassets */,
			);
			path = "Preview Content";
			sourceTree = "<group>";
		};
		975AD0BB286BFAD4009F4F0B /* word-counterTests */ = {
			isa = PBXGroup;
			children = (
				975AD0BC286BFAD4009F4F0B /* word_counterTests.swift */,
			);
			path = "word-counterTests";
			sourceTree = "<group>";
		};
		975AD0C5286BFAD4009F4F0B /* word-counterUITests */ = {
			isa = PBXGroup;
			children = (
				975AD0C6286BFAD4009F4F0B /* word_counterUITests.swift */,
				975AD0C8286BFAD4009F4F0B /* word_counterUITestsLaunchTests.swift */,
			);
			path = "word-counterUITests";
			sourceTree = "<group>";
		};
		975AD0D5286BFC0A009F4F0B /* View */ = {
			isa = PBXGroup;
			children = (
			);
			path = View;
			sourceTree = "<group>";
		};
		975AD0D6286BFC12009F4F0B /* Model */ = {
			isa = PBXGroup;
			children = (
				975AD0D8286BFE58009F4F0B /* Fetch.swift */,
			);
			path = Model;
			sourceTree = "<group>";
		};
		975AD0D7286BFC3C009F4F0B /* ViewModel */ = {
			isa = PBXGroup;
			children = (
				975AD0DA286C17F5009F4F0B /* WordList.swift */,
			);
			path = ViewModel;
			sourceTree = "<group>";
		};
/* End PBXGroup section */

/* Begin PBXNativeTarget section */
		975AD0A7286BFAD3009F4F0B /* word-counter */ = {
			isa = PBXNativeTarget;
			buildConfigurationList = 975AD0CC286BFAD4009F4F0B /* Build configuration list for PBXNativeTarget "word-counter" */;
			buildPhases = (
				975AD0A4286BFAD3009F4F0B /* Sources */,
				975AD0A5286BFAD3009F4F0B /* Frameworks */,
				975AD0A6286BFAD3009F4F0B /* Resources */,
			);
			buildRules = (
			);
			dependencies = (
			);
			name = "word-counter";
			productName = "word-counter";
			productReference = 975AD0A8286BFAD3009F4F0B /* word-counter.app */;
			productType = "com.apple.product-type.application";
		};
		975AD0B7286BFAD4009F4F0B /* word-counterTests */ = {
			isa = PBXNativeTarget;
			buildConfigurationList = 975AD0CF286BFAD4009F4F0B /* Build configuration list for PBXNativeTarget "word-counterTests" */;
			buildPhases = (
				975AD0B4286BFAD4009F4F0B /* Sources */,
				975AD0B5286BFAD4009F4F0B /* Frameworks */,
				975AD0B6286BFAD4009F4F0B /* Resources */,
			);
			buildRules = (
			);
			dependencies = (
				975AD0BA286BFAD4009F4F0B /* PBXTargetDependency */,
			);
			name = "word-counterTests";
			productName = "word-counterTests";
			productReference = 975AD0B8286BFAD4009F4F0B /* word-counterTests.xctest */;
			productType = "com.apple.product-type.bundle.unit-test";
		};
		975AD0C1286BFAD4009F4F0B /* word-counterUITests */ = {
			isa = PBXNativeTarget;
			buildConfigurationList = 975AD0D2286BFAD4009F4F0B /* Build configuration list for PBXNativeTarget "word-counterUITests" */;
			buildPhases = (
				975AD0BE286BFAD4009F4F0B /* Sources */,
				975AD0BF286BFAD4009F4F0B /* Frameworks */,
				975AD0C0286BFAD4009F4F0B /* Resources */,
			);
			buildRules = (
			);
			dependencies = (
				975AD0C4286BFAD4009F4F0B /* PBXTargetDependency */,
			);
			name = "word-counterUITests";
			productName = "word-counterUITests";
			productReference = 975AD0C2286BFAD4009F4F0B /* word-counterUITests.xctest */;
			productType = "com.apple.product-type.bundle.ui-testing";
		};
/* End PBXNativeTarget section */

/* Begin PBXProject section */
		975AD0A0286BFAD3009F4F0B /* Project object */ = {
			isa = PBXProject;
			attributes = {
				BuildIndependentTargetsInParallel = 1;
				LastSwiftUpdateCheck = 1340;
				LastUpgradeCheck = 1340;
				TargetAttributes = {
					975AD0A7286BFAD3009F4F0B = {
						CreatedOnToolsVersion = 13.4.1;
					};
					975AD0B7286BFAD4009F4F0B = {
						CreatedOnToolsVersion = 13.4.1;
						TestTargetID = 975AD0A7286BFAD3009F4F0B;
					};
					975AD0C1286BFAD4009F4F0B = {
						CreatedOnToolsVersion = 13.4.1;
						TestTargetID = 975AD0A7286BFAD3009F4F0B;
					};
				};
			};
			buildConfigurationList = 975AD0A3286BFAD3009F4F0B /* Build configuration list for PBXProject "word-counter" */;
			compatibilityVersion = "Xcode 13.0";
			developmentRegion = en;
			hasScannedForEncodings = 0;
			knownRegions = (
				en,
				Base,
			);
			mainGroup = 975AD09F286BFAD3009F4F0B;
			productRefGroup = 975AD0A9286BFAD3009F4F0B /* Products */;
			projectDirPath = "";
			projectRoot = "";
			targets = (
				975AD0A7286BFAD3009F4F0B /* word-counter */,
				975AD0B7286BFAD4009F4F0B /* word-counterTests */,
				975AD0C1286BFAD4009F4F0B /* word-counterUITests */,
			);
		};
/* End PBXProject section */

/* Begin PBXResourcesBuildPhase section */
		975AD0A6286BFAD3009F4F0B /* Resources */ = {
			isa = PBXResourcesBuildPhase;
			buildActionMask = 2147483647;
			files = (
				975AD0B3286BFAD4009F4F0B /* Preview Assets.xcassets in Resources */,
				975AD0B0286BFAD4009F4F0B /* Assets.xcassets in Resources */,
			);
			runOnlyForDeploymentPostprocessing = 0;
		};
		975AD0B6286BFAD4009F4F0B /* Resources */ = {
			isa = PBXResourcesBuildPhase;
			buildActionMask = 2147483647;
			files = (
			);
			runOnlyForDeploymentPostprocessing = 0;
		};
		975AD0C0286BFAD4009F4F0B /* Resources */ = {
			isa = PBXResourcesBuildPhase;
			buildActionMask = 2147483647;
			files = (
			);
			runOnlyForDeploymentPostprocessing = 0;
		};
/* End PBXResourcesBuildPhase section */

/* Begin PBXSourcesBuildPhase section */
		975AD0A4286BFAD3009F4F0B /* Sources */ = {
			isa = PBXSourcesBuildPhase;
			buildActionMask = 2147483647;
			files = (
				975AD0AE286BFAD3009F4F0B /* ContentView.swift in Sources */,
				975AD0DB286C17F5009F4F0B /* WordList.swift in Sources */,
				975AD0D9286BFE58009F4F0B /* Fetch.swift in Sources */,
				975AD0AC286BFAD3009F4F0B /* word_counterApp.swift in Sources */,
			);
			runOnlyForDeploymentPostprocessing = 0;
		};
		975AD0B4286BFAD4009F4F0B /* Sources */ = {
			isa = PBXSourcesBuildPhase;
			buildActionMask = 2147483647;
			files = (
				975AD0BD286BFAD4009F4F0B /* word_counterTests.swift in Sources */,
			);
			runOnlyForDeploymentPostprocessing = 0;
		};
		975AD0BE286BFAD4009F4F0B /* Sources */ = {
			isa = PBXSourcesBuildPhase;
			buildActionMask = 2147483647;
			files = (
				975AD0C7286BFAD4009F4F0B /* word_counterUITests.swift in Sources */,
				975AD0C9286BFAD4009F4F0B /* word_counterUITestsLaunchTests.swift in Sources */,
			);
			runOnlyForDeploymentPostprocessing = 0;
		};
/* End PBXSourcesBuildPhase section */

/* Begin PBXTargetDependency section */
		975AD0BA286BFAD4009F4F0B /* PBXTargetDependency */ = {
			isa = PBXTargetDependency;
			target = 975AD0A7286BFAD3009F4F0B /* word-counter */;
			targetProxy = 975AD0B9286BFAD4009F4F0B /* PBXContainerItemProxy */;
		};
		975AD0C4286BFAD4009F4F0B /* PBXTargetDependency */ = {
			isa = PBXTargetDependency;
			target = 975AD0A7286BFAD3009F4F0B /* word-counter */;
			targetProxy = 975AD0C3286BFAD4009F4F0B /* PBXContainerItemProxy */;
		};
/* End PBXTargetDependency section */

/* Begin XCBuildConfiguration section */
		975AD0CA286BFAD4009F4F0B /* Debug */ = {
			isa = XCBuildConfiguration;
			buildSettings = {
				ALWAYS_SEARCH_USER_PATHS = NO;
				CLANG_ANALYZER_NONNULL = YES;
				CLANG_ANALYZER_NUMBER_OBJECT_CONVERSION = YES_AGGRESSIVE;
				CLANG_CXX_LANGUAGE_STANDARD = "gnu++17";
				CLANG_ENABLE_MODULES = YES;
				CLANG_ENABLE_OBJC_ARC = YES;
				CLANG_ENABLE_OBJC_WEAK = YES;
				CLANG_WARN_BLOCK_CAPTURE_AUTORELEASING = YES;
				CLANG_WARN_BOOL_CONVERSION = YES;
				CLANG_WARN_COMMA = YES;
				CLANG_WARN_CONSTANT_CONVERSION = YES;
				CLANG_WARN_DEPRECATED_OBJC_IMPLEMENTATIONS = YES;
				CLANG_WARN_DIRECT_OBJC_ISA_USAGE = YES_ERROR;
				CLANG_WARN_DOCUMENTATION_COMMENTS = YES;
				CLANG_WARN_EMPTY_BODY = YES;
				CLANG_WARN_ENUM_CONVERSION = YES;
				CLANG_WARN_INFINITE_RECURSION = YES;
				CLANG_WARN_INT_CONVERSION = YES;
				CLANG_WARN_NON_LITERAL_NULL_CONVERSION = YES;
				CLANG_WARN_OBJC_IMPLICIT_RETAIN_SELF = YES;
				CLANG_WARN_OBJC_LITERAL_CONVERSION = YES;
				CLANG_WARN_OBJC_ROOT_CLASS = YES_ERROR;
				CLANG_WARN_QUOTED_INCLUDE_IN_FRAMEWORK_HEADER = YES;
				CLANG_WARN_RANGE_LOOP_ANALYSIS = YES;
				CLANG_WARN_STRICT_PROTOTYPES = YES;
				CLANG_WARN_SUSPICIOUS_MOVE = YES;
				CLANG_WARN_UNGUARDED_AVAILABILITY = YES_AGGRESSIVE;
				CLANG_WARN_UNREACHABLE_CODE = YES;
				CLANG_WARN__DUPLICATE_METHOD_MATCH = YES;
				COPY_PHASE_STRIP = NO;
				DEBUG_INFORMATION_FORMAT = dwarf;
				ENABLE_STRICT_OBJC_MSGSEND = YES;
				ENABLE_TESTABILITY = YES;
				GCC_C_LANGUAGE_STANDARD = gnu11;
				GCC_DYNAMIC_NO_PIC = NO;
				GCC_NO_COMMON_BLOCKS = YES;
				GCC_OPTIMIZATION_LEVEL = 0;
				GCC_PREPROCESSOR_DEFINITIONS = (
					"DEBUG=1",
					"$(inherited)",
				);
				GCC_WARN_64_TO_32_BIT_CONVERSION = YES;
				GCC_WARN_ABOUT_RETURN_TYPE = YES_ERROR;
				GCC_WARN_UNDECLARED_SELECTOR = YES;
				GCC_WARN_UNINITIALIZED_AUTOS = YES_AGGRESSIVE;
				GCC_WARN_UNUSED_FUNCTION = YES;
				GCC_WARN_UNUSED_VARIABLE = YES;
				IPHONEOS_DEPLOYMENT_TARGET = 15.5;
				MTL_ENABLE_DEBUG_INFO = INCLUDE_SOURCE;
				MTL_FAST_MATH = YES;
				ONLY_ACTIVE_ARCH = YES;
				SDKROOT = iphoneos;
				SWIFT_ACTIVE_COMPILATION_CONDITIONS = DEBUG;
				SWIFT_OPTIMIZATION_LEVEL = "-Onone";
			};
			name = Debug;
		};
		975AD0CB286BFAD4009F4F0B /* Release */ = {
			isa = XCBuildConfiguration;
			buildSettings = {
				ALWAYS_SEARCH_USER_PATHS = NO;
				CLANG_ANALYZER_NONNULL = YES;
				CLANG_ANALYZER_NUMBER_OBJECT_CONVERSION = YES_AGGRESSIVE;
				CLANG_CXX_LANGUAGE_STANDARD = "gnu++17";
				CLANG_ENABLE_MODULES = YES;
				CLANG_ENABLE_OBJC_ARC = YES;
				CLANG_ENABLE_OBJC_WEAK = YES;
				CLANG_WARN_BLOCK_CAPTURE_AUTORELEASING = YES;
				CLANG_WARN_BOOL_CONVERSION = YES;
				CLANG_WARN_COMMA = YES;
				CLANG_WARN_CONSTANT_CONVERSION = YES;
				CLANG_WARN_DEPRECATED_OBJC_IMPLEMENTATIONS = YES;
				CLANG_WARN_DIRECT_OBJC_ISA_USAGE = YES_ERROR;
				CLANG_WARN_DOCUMENTATION_COMMENTS = YES;
				CLANG_WARN_EMPTY_BODY = YES;
				CLANG_WARN_ENUM_CONVERSION = YES;
				CLANG_WARN_INFINITE_RECURSION = YES;
				CLANG_WARN_INT_CONVERSION = YES;
				CLANG_WARN_NON_LITERAL_NULL_CONVERSION = YES;
				CLANG_WARN_OBJC_IMPLICIT_RETAIN_SELF = YES;
				CLANG_WARN_OBJC_LITERAL_CONVERSION = YES;
				CLANG_WARN_OBJC_ROOT_CLASS = YES_ERROR;
				CLANG_WARN_QUOTED_INCLUDE_IN_FRAMEWORK_HEADER = YES;
				CLANG_WARN_RANGE_LOOP_ANALYSIS = YES;
				CLANG_WARN_STRICT_PROTOTYPES = YES;
				CLANG_WARN_SUSPICIOUS_MOVE = YES;
				CLANG_WARN_UNGUARDED_AVAILABILITY = YES_AGGRESSIVE;
				CLANG_WARN_UNREACHABLE_CODE = YES;
				CLANG_WARN__DUPLICATE_METHOD_MATCH = YES;
				COPY_PHASE_STRIP = NO;
				DEBUG_INFORMATION_FORMAT = "dwarf-with-dsym";
				ENABLE_NS_ASSERTIONS = NO;
				ENABLE_STRICT_OBJC_MSGSEND = YES;
				GCC_C_LANGUAGE_STANDARD = gnu11;
				GCC_NO_COMMON_BLOCKS = YES;
				GCC_WARN_64_TO_32_BIT_CONVERSION = YES;
				GCC_WARN_ABOUT_RETURN_TYPE = YES_ERROR;
				GCC_WARN_UNDECLARED_SELECTOR = YES;
				GCC_WARN_UNINITIALIZED_AUTOS = YES_AGGRESSIVE;
				GCC_WARN_UNUSED_FUNCTION = YES;
				GCC_WARN_UNUSED_VARIABLE = YES;
				IPHONEOS_DEPLOYMENT_TARGET = 15.5;
				MTL_ENABLE_DEBUG_INFO = NO;
				MTL_FAST_MATH = YES;
				SDKROOT = iphoneos;
				SWIFT_COMPILATION_MODE = wholemodule;
				SWIFT_OPTIMIZATION_LEVEL = "-O";
				VALIDATE_PRODUCT = YES;
			};
			name = Release;
		};
		975AD0CD286BFAD4009F4F0B /* Debug */ = {
			isa = XCBuildConfiguration;
			buildSettings = {
				ASSETCATALOG_COMPILER_APPICON_NAME = AppIcon;
				ASSETCATALOG_COMPILER_GLOBAL_ACCENT_COLOR_NAME = AccentColor;
				CODE_SIGN_STYLE = Automatic;
				CURRENT_PROJECT_VERSION = 1;
				DEVELOPMENT_ASSET_PATHS = "\"word-counter/Preview Content\"";
				DEVELOPMENT_TEAM = 5Q9399ZKMY;
				ENABLE_PREVIEWS = YES;
				GENERATE_INFOPLIST_FILE = YES;
				INFOPLIST_KEY_UIApplicationSceneManifest_Generation = YES;
				INFOPLIST_KEY_UIApplicationSupportsIndirectInputEvents = YES;
				INFOPLIST_KEY_UILaunchScreen_Generation = YES;
				INFOPLIST_KEY_UISupportedInterfaceOrientations_iPad = "UIInterfaceOrientationPortrait UIInterfaceOrientationPortraitUpsideDown UIInterfaceOrientationLandscapeLeft UIInterfaceOrientationLandscapeRight";
				INFOPLIST_KEY_UISupportedInterfaceOrientations_iPhone = "UIInterfaceOrientationPortrait UIInterfaceOrientationLandscapeLeft UIInterfaceOrientationLandscapeRight";
				LD_RUNPATH_SEARCH_PATHS = (
					"$(inherited)",
					"@executable_path/Frameworks",
				);
				MARKETING_VERSION = 1.0;
				PRODUCT_BUNDLE_IDENTIFIER = "com.raven.word-counter";
				PRODUCT_NAME = "$(TARGET_NAME)";
				SWIFT_EMIT_LOC_STRINGS = YES;
				SWIFT_VERSION = 5.0;
				TARGETED_DEVICE_FAMILY = "1,2";
			};
			name = Debug;
		};
		975AD0CE286BFAD4009F4F0B /* Release */ = {
			isa = XCBuildConfiguration;
			buildSettings = {
				ASSETCATALOG_COMPILER_APPICON_NAME = AppIcon;
				ASSETCATALOG_COMPILER_GLOBAL_ACCENT_COLOR_NAME = AccentColor;
				CODE_SIGN_STYLE = Automatic;
				CURRENT_PROJECT_VERSION = 1;
				DEVELOPMENT_ASSET_PATHS = "\"word-counter/Preview Content\"";
				DEVELOPMENT_TEAM = 5Q9399ZKMY;
				ENABLE_PREVIEWS = YES;
				GENERATE_INFOPLIST_FILE = YES;
				INFOPLIST_KEY_UIApplicationSceneManifest_Generation = YES;
				INFOPLIST_KEY_UIApplicationSupportsIndirectInputEvents = YES;
				INFOPLIST_KEY_UILaunchScreen_Generation = YES;
				INFOPLIST_KEY_UISupportedInterfaceOrientations_iPad = "UIInterfaceOrientationPortrait UIInterfaceOrientationPortraitUpsideDown UIInterfaceOrientationLandscapeLeft UIInterfaceOrientationLandscapeRight";
				INFOPLIST_KEY_UISupportedInterfaceOrientations_iPhone = "UIInterfaceOrientationPortrait UIInterfaceOrientationLandscapeLeft UIInterfaceOrientationLandscapeRight";
				LD_RUNPATH_SEARCH_PATHS = (
					"$(inherited)",
					"@executable_path/Frameworks",
				);
				MARKETING_VERSION = 1.0;
				PRODUCT_BUNDLE_IDENTIFIER = "com.raven.word-counter";
				PRODUCT_NAME = "$(TARGET_NAME)";
				SWIFT_EMIT_LOC_STRINGS = YES;
				SWIFT_VERSION = 5.0;
				TARGETED_DEVICE_FAMILY = "1,2";
			};
			name = Release;
		};
		975AD0D0286BFAD4009F4F0B /* Debug */ = {
			isa = XCBuildConfiguration;
			buildSettings = {
				ALWAYS_EMBED_SWIFT_STANDARD_LIBRARIES = YES;
				BUNDLE_LOADER = "$(TEST_HOST)";
				CODE_SIGN_STYLE = Automatic;
				CURRENT_PROJECT_VERSION = 1;
				DEVELOPMENT_TEAM = 5Q9399ZKMY;
				GENERATE_INFOPLIST_FILE = YES;
				IPHONEOS_DEPLOYMENT_TARGET = 15.5;
				MARKETING_VERSION = 1.0;
				PRODUCT_BUNDLE_IDENTIFIER = "com.raven.word-counterTests";
				PRODUCT_NAME = "$(TARGET_NAME)";
				SWIFT_EMIT_LOC_STRINGS = NO;
				SWIFT_VERSION = 5.0;
				TARGETED_DEVICE_FAMILY = "1,2";
				TEST_HOST = "$(BUILT_PRODUCTS_DIR)/word-counter.app/word-counter";
			};
			name = Debug;
		};
		975AD0D1286BFAD4009F4F0B /* Release */ = {
			isa = XCBuildConfiguration;
			buildSettings = {
				ALWAYS_EMBED_SWIFT_STANDARD_LIBRARIES = YES;
				BUNDLE_LOADER = "$(TEST_HOST)";
				CODE_SIGN_STYLE = Automatic;
				CURRENT_PROJECT_VERSION = 1;
				DEVELOPMENT_TEAM = 5Q9399ZKMY;
				GENERATE_INFOPLIST_FILE = YES;
				IPHONEOS_DEPLOYMENT_TARGET = 15.5;
				MARKETING_VERSION = 1.0;
				PRODUCT_BUNDLE_IDENTIFIER = "com.raven.word-counterTests";
				PRODUCT_NAME = "$(TARGET_NAME)";
				SWIFT_EMIT_LOC_STRINGS = NO;
				SWIFT_VERSION = 5.0;
				TARGETED_DEVICE_FAMILY = "1,2";
				TEST_HOST = "$(BUILT_PRODUCTS_DIR)/word-counter.app/word-counter";
			};
			name = Release;
		};
		975AD0D3286BFAD4009F4F0B /* Debug */ = {
			isa = XCBuildConfiguration;
			buildSettings = {
				ALWAYS_EMBED_SWIFT_STANDARD_LIBRARIES = YES;
				CODE_SIGN_STYLE = Automatic;
				CURRENT_PROJECT_VERSION = 1;
				DEVELOPMENT_TEAM = 5Q9399ZKMY;
				GENERATE_INFOPLIST_FILE = YES;
				MARKETING_VERSION = 1.0;
				PRODUCT_BUNDLE_IDENTIFIER = "com.raven.word-counterUITests";
				PRODUCT_NAME = "$(TARGET_NAME)";
				SWIFT_EMIT_LOC_STRINGS = NO;
				SWIFT_VERSION = 5.0;
				TARGETED_DEVICE_FAMILY = "1,2";
				TEST_TARGET_NAME = "word-counter";
			};
			name = Debug;
		};
		975AD0D4286BFAD4009F4F0B /* Release */ = {
			isa = XCBuildConfiguration;
			buildSettings = {
				ALWAYS_EMBED_SWIFT_STANDARD_LIBRARIES = YES;
				CODE_SIGN_STYLE = Automatic;
				CURRENT_PROJECT_VERSION = 1;
				DEVELOPMENT_TEAM = 5Q9399ZKMY;
				GENERATE_INFOPLIST_FILE = YES;
				MARKETING_VERSION = 1.0;
				PRODUCT_BUNDLE_IDENTIFIER = "com.raven.word-counterUITests";
				PRODUCT_NAME = "$(TARGET_NAME)";
				SWIFT_EMIT_LOC_STRINGS = NO;
				SWIFT_VERSION = 5.0;
				TARGETED_DEVICE_FAMILY = "1,2";
				TEST_TARGET_NAME = "word-counter";
			};
			name = Release;
		};
/* End XCBuildConfiguration section */

/* Begin XCConfigurationList section */
		975AD0A3286BFAD3009F4F0B /* Build configuration list for PBXProject "word-counter" */ = {
			isa = XCConfigurationList;
			buildConfigurations = (
				975AD0CA286BFAD4009F4F0B /* Debug */,
				975AD0CB286BFAD4009F4F0B /* Release */,
			);
			defaultConfigurationIsVisible = 0;
			defaultConfigurationName = Release;
		};
		975AD0CC286BFAD4009F4F0B /* Build configuration list for PBXNativeTarget "word-counter" */ = {
			isa = XCConfigurationList;
			buildConfigurations = (
				975AD0CD286BFAD4009F4F0B /* Debug */,
				975AD0CE286BFAD4009F4F0B /* Release */,
			);
			defaultConfigurationIsVisible = 0;
			defaultConfigurationName = Release;
		};
		975AD0CF286BFAD4009F4F0B /* Build configuration list for PBXNativeTarget "word-counterTests" */ = {
			isa = XCConfigurationList;
			buildConfigurations = (
				975AD0D0286BFAD4009F4F0B /* Debug */,
				975AD0D1286BFAD4009F4F0B /* Release */,
			);
			defaultConfigurationIsVisible = 0;
			defaultConfigurationName = Release;
		};
		975AD0D2286BFAD4009F4F0B /* Build configuration list for PBXNativeTarget "word-counterUITests" */ = {
			isa = XCConfigurationList;
			buildConfigurations = (
				975AD0D3286BFAD4009F4F0B /* Debug */,
				975AD0D4286BFAD4009F4F0B /* Release */,
			);
			defaultConfigurationIsVisible = 0;
			defaultConfigurationName = Release;
		};
/* End XCConfigurationList section */
	};
	rootObject = 975AD0A0286BFAD3009F4F0B /* Project object */;
}
